
Microsoft Visual Studio Solution File, Format Version 12.00
# Visual Studio Version 16
VisualStudioVersion = 25.0.1706.14
MinimumVisualStudioVersion = 10.0.40219.1
Project("{FAE04EC0-301F-11D3-BF4B-00C04F79EFBC}") = "C-EgitimKampi", "C-EgitimKampi\C-EgitimKampi.csproj", "{BD247386-778C-47A1-92AE-44DA1843DCB5}"
EndProject
Global
	GlobalSection(SolutionConfigurationPlatforms) = preSolution
		Debug|Any CPU = Debug|Any CPU
		Release|Any CPU = Release|Any CPU
	EndGlobalSection
	GlobalSection(ProjectConfigurationPlatforms) = postSolution
		{BD247386-778C-47A1-92AE-44DA1843DCB5}.Debug|Any CPU.ActiveCfg = Debug|Any CPU
		{BD247386-778C-47A1-92AE-44DA1843DCB5}.Debug|Any CPU.Build.0 = Debug|Any CPU
		{BD247386-778C-47A1-92AE-44DA1843DCB5}.Release|Any CPU.ActiveCfg = Release|Any CPU
		{BD247386-778C-47A1-92AE-44DA1843DCB5}.Release|Any CPU.Build.0 = Release|Any CPU
	EndGlobalSection
	GlobalSection(SolutionProperties) = preSolution
		HideSolutionNode = FALSE
	EndGlobalSection
	GlobalSection(ExtensibilityGlobals) = postSolution
		SolutionGuid = {7F129BED-0D53-46A8-AFC0-AE56664EFD16}
	EndGlobalSection
EndGlobal
